# THIS IS AN AUTOGENERATED FILE. DO NOT EDIT THIS FILE DIRECTLY.
# yarn lockfile v1


chrome-types@^0.1.327:
  version "0.1.327"
  resolved "https://registry.yarnpkg.com/chrome-types/-/chrome-types-0.1.327.tgz#f6c15af47b163f5305368395aeafc3dd31c6234c"
  integrity sha512-Xsxt+rgppI6w3gG4XO/6RrmMx5BAqKCeue49iGaXA4xu4BVskIsIMsGod8OdohLO6TySp+gj7yB/yeoxwGQlnQ==

typescript@^5.7.2:
  version "5.7.2"
  resolved "https://registry.yarnpkg.com/typescript/-/typescript-5.7.2.tgz#3169cf8c4c8a828cde53ba9ecb3d2b1d5dd67be6"
  integrity sha512-i5t66RHxDvVN40HfDd1PsEThGNnlMCMT3jMUuoh9/0TaqWevNontacunWyN02LA9/fIbEWlcHZcgTKb9QoaLfg==
